{
  "name": "Facebook-LGN-Reversed",
  "lockfileVersion": 3,
  "requires": true,
  "packages": {
    "": {
      "dependencies": {
        "undici": "^7.1.0"
      }
    },
    "node_modules/undici": {
      "version": "7.1.0",
      "resolved": "https://registry.npmjs.org/undici/-/undici-7.1.0.tgz",
      "integrity": "sha512-3+mdX2R31khuLCm2mKExSlMdJsfol7bJkIMH80tdXA74W34rT1jKemUTlYR7WY3TqsV4wfOgpatWmmB2Jl1+5g==",
      "engines": {
        "node": ">=20.18.1"
      }
    }
  }
}
